
Microsoft Visual Studio Solution File, Format Version 12.00
Project("{FAE04EC0-301F-11D3-BF4B-00C04F79EFBC}") = "RRC_Sender", "RRC_Sender\RRC_Sender.csproj", "{1B7CC34E-275C-4770-86C1-2DAAE08DE29C}"
EndProject
Project("{2150E333-8FDC-42A3-9474-1A3956D46DE8}") = "Solution Items", "Solution Items", "{4922CE9C-4592-43F4-AA89-79268FE37887}"
	ProjectSection(SolutionItems) = preProject
		docker-compose.yml = docker-compose.yml
	EndProjectSection
EndProject
Project("{FAE04EC0-301F-11D3-BF4B-00C04F79EFBC}") = "Storage", "Storage\Storage.csproj", "{92321014-9255-46EA-A61F-836A4F01BB45}"
EndProject
Project("{FAE04EC0-301F-11D3-BF4B-00C04F79EFBC}") = "NotificationClient", "NotificationClient\NotificationClient.csproj", "{2BC46477-F093-4F2E-9D91-7F6E782EFC66}"
EndProject
Global
	GlobalSection(SolutionConfigurationPlatforms) = preSolution
		Debug|Any CPU = Debug|Any CPU
		Release|Any CPU = Release|Any CPU
	EndGlobalSection
	GlobalSection(ProjectConfigurationPlatforms) = postSolution
		{1B7CC34E-275C-4770-86C1-2DAAE08DE29C}.Debug|Any CPU.ActiveCfg = Debug|Any CPU
		{1B7CC34E-275C-4770-86C1-2DAAE08DE29C}.Debug|Any CPU.Build.0 = Debug|Any CPU
		{1B7CC34E-275C-4770-86C1-2DAAE08DE29C}.Release|Any CPU.ActiveCfg = Release|Any CPU
		{1B7CC34E-275C-4770-86C1-2DAAE08DE29C}.Release|Any CPU.Build.0 = Release|Any CPU
		{92321014-9255-46EA-A61F-836A4F01BB45}.Debug|Any CPU.ActiveCfg = Debug|Any CPU
		{92321014-9255-46EA-A61F-836A4F01BB45}.Debug|Any CPU.Build.0 = Debug|Any CPU
		{92321014-9255-46EA-A61F-836A4F01BB45}.Release|Any CPU.ActiveCfg = Release|Any CPU
		{92321014-9255-46EA-A61F-836A4F01BB45}.Release|Any CPU.Build.0 = Release|Any CPU
		{2BC46477-F093-4F2E-9D91-7F6E782EFC66}.Debug|Any CPU.ActiveCfg = Debug|Any CPU
		{2BC46477-F093-4F2E-9D91-7F6E782EFC66}.Debug|Any CPU.Build.0 = Debug|Any CPU
		{2BC46477-F093-4F2E-9D91-7F6E782EFC66}.Release|Any CPU.ActiveCfg = Release|Any CPU
		{2BC46477-F093-4F2E-9D91-7F6E782EFC66}.Release|Any CPU.Build.0 = Release|Any CPU
	EndGlobalSection
EndGlobal
